
Microsoft Visual Studio Solution File, Format Version 12.00
# Visual Studio Version 16
VisualStudioVersion = 16.0.30523.141
MinimumVisualStudioVersion = 10.0.40219.1
Project("{9A19103F-16F7-4668-BE54-9A1E7A4F7556}") = "WebApplication", "WebApplication\WebApplication.csproj", "{C9D7FFCE-7566-42D6-9E2F-E09FFD166C7B}"
EndProject
Project("{9A19103F-16F7-4668-BE54-9A1E7A4F7556}") = "DesktopApplication", "DecstopApplication\DesktopApplication.csproj", "{C52177CD-669E-43CF-AE10-30992876FB77}"
EndProject
Global
	GlobalSection(SolutionConfigurationPlatforms) = preSolution
		Debug|Any CPU = Debug|Any CPU
		Release|Any CPU = Release|Any CPU
	EndGlobalSection
	GlobalSection(ProjectConfigurationPlatforms) = postSolution
		{C9D7FFCE-7566-42D6-9E2F-E09FFD166C7B}.Debug|Any CPU.ActiveCfg = Debug|Any CPU
		{C9D7FFCE-7566-42D6-9E2F-E09FFD166C7B}.Debug|Any CPU.Build.0 = Debug|Any CPU
		{C9D7FFCE-7566-42D6-9E2F-E09FFD166C7B}.Release|Any CPU.ActiveCfg = Release|Any CPU
		{C9D7FFCE-7566-42D6-9E2F-E09FFD166C7B}.Release|Any CPU.Build.0 = Release|Any CPU
		{C52177CD-669E-43CF-AE10-30992876FB77}.Debug|Any CPU.ActiveCfg = Debug|Any CPU
		{C52177CD-669E-43CF-AE10-30992876FB77}.Debug|Any CPU.Build.0 = Debug|Any CPU
		{C52177CD-669E-43CF-AE10-30992876FB77}.Release|Any CPU.ActiveCfg = Release|Any CPU
		{C52177CD-669E-43CF-AE10-30992876FB77}.Release|Any CPU.Build.0 = Release|Any CPU
	EndGlobalSection
	GlobalSection(SolutionProperties) = preSolution
		HideSolutionNode = FALSE
	EndGlobalSection
	GlobalSection(ExtensibilityGlobals) = postSolution
		SolutionGuid = {50CEB9AF-6ABB-418D-BADB-C15DEB035433}
	EndGlobalSection
EndGlobal
